
Microsoft Visual Studio Solution File, Format Version 12.00
# Visual Studio Version 17
VisualStudioVersion = 17.11.35222.181
MinimumVisualStudioVersion = 10.0.40219.1
Project("{FAE04EC0-301F-11D3-BF4B-00C04F79EFBC}") = "C# Players guide LHF", "C# Players guide LHF\C# Players guide LHF.csproj", "{F47A8BDD-CCE3-4105-BC18-1AB141CE03A7}"
EndProject
Global
	GlobalSection(SolutionConfigurationPlatforms) = preSolution
		Debug|Any CPU = Debug|Any CPU
		Release|Any CPU = Release|Any CPU
	EndGlobalSection
	GlobalSection(ProjectConfigurationPlatforms) = postSolution
		{F47A8BDD-CCE3-4105-BC18-1AB141CE03A7}.Debug|Any CPU.ActiveCfg = Debug|Any CPU
		{F47A8BDD-CCE3-4105-BC18-1AB141CE03A7}.Debug|Any CPU.Build.0 = Debug|Any CPU
		{F47A8BDD-CCE3-4105-BC18-1AB141CE03A7}.Release|Any CPU.ActiveCfg = Release|Any CPU
		{F47A8BDD-CCE3-4105-BC18-1AB141CE03A7}.Release|Any CPU.Build.0 = Release|Any CPU
	EndGlobalSection
	GlobalSection(SolutionProperties) = preSolution
		HideSolutionNode = FALSE
	EndGlobalSection
	GlobalSection(ExtensibilityGlobals) = postSolution
		SolutionGuid = {7E3B8A26-1FC9-4F8E-A9DC-B5DF5EA8B7D6}
	EndGlobalSection
EndGlobal
